
Microsoft Visual Studio Solution File, Format Version 12.00
# Visual Studio Version 17
VisualStudioVersion = 17.9.34714.143
MinimumVisualStudioVersion = 10.0.40219.1
Project("{FAE04EC0-301F-11D3-BF4B-00C04F79EFBC}") = "Order-Managment-System", "Order-Managment-System\Order-Managment-System.csproj", "{E763505E-FF41-4C2C-AEFB-52A72923A950}"
EndProject
Project("{FAE04EC0-301F-11D3-BF4B-00C04F79EFBC}") = "Core", "Core\Core.csproj", "{79C39509-EA54-4992-BBC0-0ACA5775A7ED}"
EndProject
Project("{FAE04EC0-301F-11D3-BF4B-00C04F79EFBC}") = "Reposatry", "Reposatry\Reposatry.csproj", "{89604A85-02E5-4702-9B25-DE6661E59DA6}"
EndProject
Project("{FAE04EC0-301F-11D3-BF4B-00C04F79EFBC}") = "Services", "Services\Services.csproj", "{E1E3EAD4-64F1-49E4-A36C-F9E3F7DD2A4D}"
EndProject
Global
	GlobalSection(SolutionConfigurationPlatforms) = preSolution
		Debug|Any CPU = Debug|Any CPU
		Release|Any CPU = Release|Any CPU
	EndGlobalSection
	GlobalSection(ProjectConfigurationPlatforms) = postSolution
		{E763505E-FF41-4C2C-AEFB-52A72923A950}.Debug|Any CPU.ActiveCfg = Debug|Any CPU
		{E763505E-FF41-4C2C-AEFB-52A72923A950}.Debug|Any CPU.Build.0 = Debug|Any CPU
		{E763505E-FF41-4C2C-AEFB-52A72923A950}.Release|Any CPU.ActiveCfg = Release|Any CPU
		{E763505E-FF41-4C2C-AEFB-52A72923A950}.Release|Any CPU.Build.0 = Release|Any CPU
		{79C39509-EA54-4992-BBC0-0ACA5775A7ED}.Debug|Any CPU.ActiveCfg = Debug|Any CPU
		{79C39509-EA54-4992-BBC0-0ACA5775A7ED}.Debug|Any CPU.Build.0 = Debug|Any CPU
		{79C39509-EA54-4992-BBC0-0ACA5775A7ED}.Release|Any CPU.ActiveCfg = Release|Any CPU
		{79C39509-EA54-4992-BBC0-0ACA5775A7ED}.Release|Any CPU.Build.0 = Release|Any CPU
		{89604A85-02E5-4702-9B25-DE6661E59DA6}.Debug|Any CPU.ActiveCfg = Debug|Any CPU
		{89604A85-02E5-4702-9B25-DE6661E59DA6}.Debug|Any CPU.Build.0 = Debug|Any CPU
		{89604A85-02E5-4702-9B25-DE6661E59DA6}.Release|Any CPU.ActiveCfg = Release|Any CPU
		{89604A85-02E5-4702-9B25-DE6661E59DA6}.Release|Any CPU.Build.0 = Release|Any CPU
		{E1E3EAD4-64F1-49E4-A36C-F9E3F7DD2A4D}.Debug|Any CPU.ActiveCfg = Debug|Any CPU
		{E1E3EAD4-64F1-49E4-A36C-F9E3F7DD2A4D}.Debug|Any CPU.Build.0 = Debug|Any CPU
		{E1E3EAD4-64F1-49E4-A36C-F9E3F7DD2A4D}.Release|Any CPU.ActiveCfg = Release|Any CPU
		{E1E3EAD4-64F1-49E4-A36C-F9E3F7DD2A4D}.Release|Any CPU.Build.0 = Release|Any CPU
	EndGlobalSection
	GlobalSection(SolutionProperties) = preSolution
		HideSolutionNode = FALSE
	EndGlobalSection
	GlobalSection(ExtensibilityGlobals) = postSolution
		SolutionGuid = {5EC7C658-6AEE-438C-BD47-4E1E37909A27}
	EndGlobalSection
EndGlobal
